
Microsoft Visual Studio Solution File, Format Version 12.00
# Visual Studio Version 17
VisualStudioVersion = 17.0.31903.59
MinimumVisualStudioVersion = 10.0.40219.1
Project("{FAE04EC0-301F-11D3-BF4B-00C04F79EFBC}") = "PetFamily.Web", "src\PetFamily.Web\PetFamily.Web.csproj", "{6B850156-08A4-498A-AE92-BCD1E0049BA0}"
EndProject
Project("{FAE04EC0-301F-11D3-BF4B-00C04F79EFBC}") = "PetFamily.Infrastructure", "src\PetFamily.Infrastructure\PetFamily.Infrastructure.csproj", "{1BB00663-5F49-4C17-8E1C-09C6000395D8}"
EndProject
Project("{FAE04EC0-301F-11D3-BF4B-00C04F79EFBC}") = "PetFamily.Application", "src\PetFamily.Application\PetFamily.Application.csproj", "{56401066-98BD-45D1-AA47-6EF401E51A9F}"
EndProject
Project("{2150E333-8FDC-42A3-9474-1A3956D46DE8}") = "Solution Items", "Solution Items", "{9CA1EABC-B1C2-4156-A83F-4ADDF02FDA08}"
	ProjectSection(SolutionItems) = preProject
		compose.yaml = compose.yaml
	EndProjectSection
EndProject
Project("{2150E333-8FDC-42A3-9474-1A3956D46DE8}") = "tests", "tests", "{67BA360C-BB34-4403-A14E-8281D2D65481}"
EndProject
Project("{FAE04EC0-301F-11D3-BF4B-00C04F79EFBC}") = "PetFamily.Domain.UnitTests", "tests\PetFamily.Domain.UnitTests\PetFamily.Domain.UnitTests.csproj", "{BF322ADD-124C-4FF8-8D25-305229D33A19}"
EndProject
Project("{2150E333-8FDC-42A3-9474-1A3956D46DE8}") = "src", "src", "{8C526C04-31CA-48AD-A76B-C2DD8A0BDB6F}"
EndProject
Project("{FAE04EC0-301F-11D3-BF4B-00C04F79EFBC}") = "PetFamily.Application.UnitTests", "tests\PetFamily.Application.UnitTests\PetFamily.Application.UnitTests.csproj", "{50DEAB0C-B0D9-4E3C-8C78-C545286C2B02}"
	ProjectSection(ProjectDependencies) = postProject
		{6B850156-08A4-498A-AE92-BCD1E0049BA0} = {6B850156-08A4-498A-AE92-BCD1E0049BA0}
		{56401066-98BD-45D1-AA47-6EF401E51A9F} = {56401066-98BD-45D1-AA47-6EF401E51A9F}
		{C85ED48C-2CBD-402B-B935-3A51E4E4B064} = {C85ED48C-2CBD-402B-B935-3A51E4E4B064}
		{1BB00663-5F49-4C17-8E1C-09C6000395D8} = {1BB00663-5F49-4C17-8E1C-09C6000395D8}
	EndProjectSection
EndProject
Project("{FAE04EC0-301F-11D3-BF4B-00C04F79EFBC}") = "PetFamily.IntegrationTests", "tests\PetFamily.IntegrationTests\PetFamily.IntegrationTests.csproj", "{85CA350A-E5AB-412A-A2E3-425FCF46E16A}"
EndProject
Project("{FAE04EC0-301F-11D3-BF4B-00C04F79EFBC}") = "PetFamily.Accounts.Application", "src\Accounts\PetFamily.Accounts.Application\PetFamily.Accounts.Application.csproj", "{E8F23382-67BE-4E7E-BAB0-EE7DC3F8A75B}"
EndProject
Project("{FAE04EC0-301F-11D3-BF4B-00C04F79EFBC}") = "PetFamily.Accounts.Infrastructure", "src\Accounts\PetFamily.Accounts.Infrastructure\PetFamily.Accounts.Infrastructure.csproj", "{C38EAD6B-FD33-4997-B0E3-250A078CBF8A}"
EndProject
Project("{FAE04EC0-301F-11D3-BF4B-00C04F79EFBC}") = "PetFamily.Accounts.Domain", "src\Accounts\PetFamily.Accounts.Domain\PetFamily.Accounts.Domain.csproj", "{04454D22-22E4-46BE-AE3B-ACAD9BC4FFA2}"
EndProject
Project("{FAE04EC0-301F-11D3-BF4B-00C04F79EFBC}") = "PetFamily.Accounts.Controllers", "src\Accounts\PetFamily.Accounts.Controllers\PetFamily.Accounts.Controllers.csproj", "{EA978B71-9539-4881-8E60-5305F77BF5B5}"
EndProject
Project("{FAE04EC0-301F-11D3-BF4B-00C04F79EFBC}") = "PetFamily.Core", "src\Shared\PetFamily.Core\PetFamily.Core.csproj", "{A9FE7DEF-79B6-4AE8-B896-B578C7451544}"
EndProject
Project("{FAE04EC0-301F-11D3-BF4B-00C04F79EFBC}") = "PetFamily.Volunteers.Domain", "src\Volunteers\PetFamily.Volunteers.Domain\PetFamily.Volunteers.Domain.csproj", "{B3A778AA-D794-41D2-8764-991B39B03F54}"
EndProject
Project("{FAE04EC0-301F-11D3-BF4B-00C04F79EFBC}") = "PetFamily.Volunteers.Application", "src\Volunteers\PetFamily.Volunteers.Application\PetFamily.Volunteers.Application.csproj", "{299F47B8-70A7-462D-9E95-48FD4AFDCA54}"
EndProject
Project("{FAE04EC0-301F-11D3-BF4B-00C04F79EFBC}") = "PetFamily.Volunteers.Infrastructure", "src\Volunteers\PetFamily.Volunteers.Infrastructure\PetFamily.Volunteers.Infrastructure.csproj", "{0E2FE6B1-4BBF-4210-AC0F-048005385A90}"
EndProject
Project("{FAE04EC0-301F-11D3-BF4B-00C04F79EFBC}") = "PetFamily.Volunteers.Presentation", "src\Volunteers\PetFamily.Volunteers.Presentation\PetFamily.Volunteers.Presentation.csproj", "{356A9D5F-5915-4928-83DB-4BC17BC9DE4D}"
EndProject
Project("{FAE04EC0-301F-11D3-BF4B-00C04F79EFBC}") = "PetFamily.Species.Application", "src\Species\PetFamily.Species.Application\PetFamily.Species.Application.csproj", "{CE23FA51-D266-4C62-98B8-E9001A2D1293}"
EndProject
Project("{FAE04EC0-301F-11D3-BF4B-00C04F79EFBC}") = "PetFamily.Species.Domain", "src\Species\PetFamily.Species.Domain\PetFamily.Species.Domain.csproj", "{30DFE31F-6A96-4C6E-BBE1-93FA7E747FE5}"
EndProject
Project("{FAE04EC0-301F-11D3-BF4B-00C04F79EFBC}") = "PetFamily.Species.Infrastructure", "src\Species\PetFamily.Species.Infrastructure\PetFamily.Species.Infrastructure.csproj", "{B7879C80-C649-4089-AEE4-53E58177E2B9}"
EndProject
Project("{FAE04EC0-301F-11D3-BF4B-00C04F79EFBC}") = "PetFamily.Species.Presentation", "src\Species\PetFamily.Species.Presentation\PetFamily.Species.Presentation.csproj", "{D0893993-6FFB-49D9-B7B5-0BC42EF6543A}"
EndProject
Project("{2150E333-8FDC-42A3-9474-1A3956D46DE8}") = "Accounts", "Accounts", "{78ADBDA6-520E-45EC-8A5E-628436F203B0}"
EndProject
Project("{2150E333-8FDC-42A3-9474-1A3956D46DE8}") = "Volunteers", "Volunteers", "{0DFCCFAF-7334-4D8D-AFB0-9B7D90559161}"
EndProject
Project("{2150E333-8FDC-42A3-9474-1A3956D46DE8}") = "Species", "Species", "{4750C063-C1B4-4A97-8800-DE2ED98EA133}"
EndProject
Project("{FAE04EC0-301F-11D3-BF4B-00C04F79EFBC}") = "PetFamily.Species.Contracts", "src\Species\PetFamily.Species.Contracts\PetFamily.Species.Contracts.csproj", "{CBD15D71-342A-4E6F-B33F-6585EA62F104}"
EndProject
Project("{FAE04EC0-301F-11D3-BF4B-00C04F79EFBC}") = "PetFamily.Volunteers.Contracts", "src\Volunteers\PetFamily.Volunteers.Contracts\PetFamily.Volunteers.Contracts.csproj", "{F529B5B1-F1FA-4540-8CFB-C40E355CF664}"
EndProject
Project("{FAE04EC0-301F-11D3-BF4B-00C04F79EFBC}") = "PetFamily.Accounts.Contracts", "src\Accounts\PetFamily.Accounts.Contracts\PetFamily.Accounts.Contracts.csproj", "{EB1B1670-5CB8-41FF-9830-ACABA48F7F35}"
EndProject
Project("{2150E333-8FDC-42A3-9474-1A3956D46DE8}") = "Shared", "Shared", "{75299641-6987-4020-B51A-4C9A2F132281}"
EndProject
Project("{FAE04EC0-301F-11D3-BF4B-00C04F79EFBC}") = "PetFamily.Framework", "src\Shared\PetFamily.Framework\PetFamily.Framework.csproj", "{910D8D17-1710-4AC2-ADDF-F804CD486FEB}"
EndProject
Project("{FAE04EC0-301F-11D3-BF4B-00C04F79EFBC}") = "PetFamily.SharedKernel", "src\Shared\PetFamily.SharedKernel\PetFamily.SharedKernel.csproj", "{64E8C9B2-30DD-43AA-967B-05EEE8C8DF11}"
EndProject
Global
	GlobalSection(SolutionConfigurationPlatforms) = preSolution
		Debug|Any CPU = Debug|Any CPU
		Release|Any CPU = Release|Any CPU
	EndGlobalSection
	GlobalSection(SolutionProperties) = preSolution
		HideSolutionNode = FALSE
	EndGlobalSection
	GlobalSection(ProjectConfigurationPlatforms) = postSolution
		{6B850156-08A4-498A-AE92-BCD1E0049BA0}.Debug|Any CPU.ActiveCfg = Debug|Any CPU
		{6B850156-08A4-498A-AE92-BCD1E0049BA0}.Debug|Any CPU.Build.0 = Debug|Any CPU
		{6B850156-08A4-498A-AE92-BCD1E0049BA0}.Release|Any CPU.ActiveCfg = Release|Any CPU
		{6B850156-08A4-498A-AE92-BCD1E0049BA0}.Release|Any CPU.Build.0 = Release|Any CPU
		{1BB00663-5F49-4C17-8E1C-09C6000395D8}.Debug|Any CPU.ActiveCfg = Debug|Any CPU
		{1BB00663-5F49-4C17-8E1C-09C6000395D8}.Debug|Any CPU.Build.0 = Debug|Any CPU
		{1BB00663-5F49-4C17-8E1C-09C6000395D8}.Release|Any CPU.ActiveCfg = Release|Any CPU
		{1BB00663-5F49-4C17-8E1C-09C6000395D8}.Release|Any CPU.Build.0 = Release|Any CPU
		{56401066-98BD-45D1-AA47-6EF401E51A9F}.Debug|Any CPU.ActiveCfg = Debug|Any CPU
		{56401066-98BD-45D1-AA47-6EF401E51A9F}.Debug|Any CPU.Build.0 = Debug|Any CPU
		{56401066-98BD-45D1-AA47-6EF401E51A9F}.Release|Any CPU.ActiveCfg = Release|Any CPU
		{56401066-98BD-45D1-AA47-6EF401E51A9F}.Release|Any CPU.Build.0 = Release|Any CPU
		{BF322ADD-124C-4FF8-8D25-305229D33A19}.Debug|Any CPU.ActiveCfg = Debug|Any CPU
		{BF322ADD-124C-4FF8-8D25-305229D33A19}.Debug|Any CPU.Build.0 = Debug|Any CPU
		{BF322ADD-124C-4FF8-8D25-305229D33A19}.Release|Any CPU.ActiveCfg = Release|Any CPU
		{BF322ADD-124C-4FF8-8D25-305229D33A19}.Release|Any CPU.Build.0 = Release|Any CPU
		{50DEAB0C-B0D9-4E3C-8C78-C545286C2B02}.Debug|Any CPU.ActiveCfg = Debug|Any CPU
		{50DEAB0C-B0D9-4E3C-8C78-C545286C2B02}.Debug|Any CPU.Build.0 = Debug|Any CPU
		{50DEAB0C-B0D9-4E3C-8C78-C545286C2B02}.Release|Any CPU.ActiveCfg = Release|Any CPU
		{50DEAB0C-B0D9-4E3C-8C78-C545286C2B02}.Release|Any CPU.Build.0 = Release|Any CPU
		{85CA350A-E5AB-412A-A2E3-425FCF46E16A}.Debug|Any CPU.ActiveCfg = Debug|Any CPU
		{85CA350A-E5AB-412A-A2E3-425FCF46E16A}.Debug|Any CPU.Build.0 = Debug|Any CPU
		{85CA350A-E5AB-412A-A2E3-425FCF46E16A}.Release|Any CPU.ActiveCfg = Release|Any CPU
		{85CA350A-E5AB-412A-A2E3-425FCF46E16A}.Release|Any CPU.Build.0 = Release|Any CPU
		{E8F23382-67BE-4E7E-BAB0-EE7DC3F8A75B}.Debug|Any CPU.ActiveCfg = Debug|Any CPU
		{E8F23382-67BE-4E7E-BAB0-EE7DC3F8A75B}.Debug|Any CPU.Build.0 = Debug|Any CPU
		{E8F23382-67BE-4E7E-BAB0-EE7DC3F8A75B}.Release|Any CPU.ActiveCfg = Release|Any CPU
		{E8F23382-67BE-4E7E-BAB0-EE7DC3F8A75B}.Release|Any CPU.Build.0 = Release|Any CPU
		{C38EAD6B-FD33-4997-B0E3-250A078CBF8A}.Debug|Any CPU.ActiveCfg = Debug|Any CPU
		{C38EAD6B-FD33-4997-B0E3-250A078CBF8A}.Debug|Any CPU.Build.0 = Debug|Any CPU
		{C38EAD6B-FD33-4997-B0E3-250A078CBF8A}.Release|Any CPU.ActiveCfg = Release|Any CPU
		{C38EAD6B-FD33-4997-B0E3-250A078CBF8A}.Release|Any CPU.Build.0 = Release|Any CPU
		{04454D22-22E4-46BE-AE3B-ACAD9BC4FFA2}.Debug|Any CPU.ActiveCfg = Debug|Any CPU
		{04454D22-22E4-46BE-AE3B-ACAD9BC4FFA2}.Debug|Any CPU.Build.0 = Debug|Any CPU
		{04454D22-22E4-46BE-AE3B-ACAD9BC4FFA2}.Release|Any CPU.ActiveCfg = Release|Any CPU
		{04454D22-22E4-46BE-AE3B-ACAD9BC4FFA2}.Release|Any CPU.Build.0 = Release|Any CPU
		{EA978B71-9539-4881-8E60-5305F77BF5B5}.Debug|Any CPU.ActiveCfg = Debug|Any CPU
		{EA978B71-9539-4881-8E60-5305F77BF5B5}.Debug|Any CPU.Build.0 = Debug|Any CPU
		{EA978B71-9539-4881-8E60-5305F77BF5B5}.Release|Any CPU.ActiveCfg = Release|Any CPU
		{EA978B71-9539-4881-8E60-5305F77BF5B5}.Release|Any CPU.Build.0 = Release|Any CPU
		{A9FE7DEF-79B6-4AE8-B896-B578C7451544}.Debug|Any CPU.ActiveCfg = Debug|Any CPU
		{A9FE7DEF-79B6-4AE8-B896-B578C7451544}.Debug|Any CPU.Build.0 = Debug|Any CPU
		{A9FE7DEF-79B6-4AE8-B896-B578C7451544}.Release|Any CPU.ActiveCfg = Release|Any CPU
		{A9FE7DEF-79B6-4AE8-B896-B578C7451544}.Release|Any CPU.Build.0 = Release|Any CPU
		{B3A778AA-D794-41D2-8764-991B39B03F54}.Debug|Any CPU.ActiveCfg = Debug|Any CPU
		{B3A778AA-D794-41D2-8764-991B39B03F54}.Debug|Any CPU.Build.0 = Debug|Any CPU
		{B3A778AA-D794-41D2-8764-991B39B03F54}.Release|Any CPU.ActiveCfg = Release|Any CPU
		{B3A778AA-D794-41D2-8764-991B39B03F54}.Release|Any CPU.Build.0 = Release|Any CPU
		{299F47B8-70A7-462D-9E95-48FD4AFDCA54}.Debug|Any CPU.ActiveCfg = Debug|Any CPU
		{299F47B8-70A7-462D-9E95-48FD4AFDCA54}.Debug|Any CPU.Build.0 = Debug|Any CPU
		{299F47B8-70A7-462D-9E95-48FD4AFDCA54}.Release|Any CPU.ActiveCfg = Release|Any CPU
		{299F47B8-70A7-462D-9E95-48FD4AFDCA54}.Release|Any CPU.Build.0 = Release|Any CPU
		{0E2FE6B1-4BBF-4210-AC0F-048005385A90}.Debug|Any CPU.ActiveCfg = Debug|Any CPU
		{0E2FE6B1-4BBF-4210-AC0F-048005385A90}.Debug|Any CPU.Build.0 = Debug|Any CPU
		{0E2FE6B1-4BBF-4210-AC0F-048005385A90}.Release|Any CPU.ActiveCfg = Release|Any CPU
		{0E2FE6B1-4BBF-4210-AC0F-048005385A90}.Release|Any CPU.Build.0 = Release|Any CPU
		{356A9D5F-5915-4928-83DB-4BC17BC9DE4D}.Debug|Any CPU.ActiveCfg = Debug|Any CPU
		{356A9D5F-5915-4928-83DB-4BC17BC9DE4D}.Debug|Any CPU.Build.0 = Debug|Any CPU
		{356A9D5F-5915-4928-83DB-4BC17BC9DE4D}.Release|Any CPU.ActiveCfg = Release|Any CPU
		{356A9D5F-5915-4928-83DB-4BC17BC9DE4D}.Release|Any CPU.Build.0 = Release|Any CPU
		{CE23FA51-D266-4C62-98B8-E9001A2D1293}.Debug|Any CPU.ActiveCfg = Debug|Any CPU
		{CE23FA51-D266-4C62-98B8-E9001A2D1293}.Debug|Any CPU.Build.0 = Debug|Any CPU
		{CE23FA51-D266-4C62-98B8-E9001A2D1293}.Release|Any CPU.ActiveCfg = Release|Any CPU
		{CE23FA51-D266-4C62-98B8-E9001A2D1293}.Release|Any CPU.Build.0 = Release|Any CPU
		{30DFE31F-6A96-4C6E-BBE1-93FA7E747FE5}.Debug|Any CPU.ActiveCfg = Debug|Any CPU
		{30DFE31F-6A96-4C6E-BBE1-93FA7E747FE5}.Debug|Any CPU.Build.0 = Debug|Any CPU
		{30DFE31F-6A96-4C6E-BBE1-93FA7E747FE5}.Release|Any CPU.ActiveCfg = Release|Any CPU
		{30DFE31F-6A96-4C6E-BBE1-93FA7E747FE5}.Release|Any CPU.Build.0 = Release|Any CPU
		{B7879C80-C649-4089-AEE4-53E58177E2B9}.Debug|Any CPU.ActiveCfg = Debug|Any CPU
		{B7879C80-C649-4089-AEE4-53E58177E2B9}.Debug|Any CPU.Build.0 = Debug|Any CPU
		{B7879C80-C649-4089-AEE4-53E58177E2B9}.Release|Any CPU.ActiveCfg = Release|Any CPU
		{B7879C80-C649-4089-AEE4-53E58177E2B9}.Release|Any CPU.Build.0 = Release|Any CPU
		{D0893993-6FFB-49D9-B7B5-0BC42EF6543A}.Debug|Any CPU.ActiveCfg = Debug|Any CPU
		{D0893993-6FFB-49D9-B7B5-0BC42EF6543A}.Debug|Any CPU.Build.0 = Debug|Any CPU
		{D0893993-6FFB-49D9-B7B5-0BC42EF6543A}.Release|Any CPU.ActiveCfg = Release|Any CPU
		{D0893993-6FFB-49D9-B7B5-0BC42EF6543A}.Release|Any CPU.Build.0 = Release|Any CPU
		{CBD15D71-342A-4E6F-B33F-6585EA62F104}.Debug|Any CPU.ActiveCfg = Debug|Any CPU
		{CBD15D71-342A-4E6F-B33F-6585EA62F104}.Debug|Any CPU.Build.0 = Debug|Any CPU
		{CBD15D71-342A-4E6F-B33F-6585EA62F104}.Release|Any CPU.ActiveCfg = Release|Any CPU
		{CBD15D71-342A-4E6F-B33F-6585EA62F104}.Release|Any CPU.Build.0 = Release|Any CPU
		{F529B5B1-F1FA-4540-8CFB-C40E355CF664}.Debug|Any CPU.ActiveCfg = Debug|Any CPU
		{F529B5B1-F1FA-4540-8CFB-C40E355CF664}.Debug|Any CPU.Build.0 = Debug|Any CPU
		{F529B5B1-F1FA-4540-8CFB-C40E355CF664}.Release|Any CPU.ActiveCfg = Release|Any CPU
		{F529B5B1-F1FA-4540-8CFB-C40E355CF664}.Release|Any CPU.Build.0 = Release|Any CPU
		{EB1B1670-5CB8-41FF-9830-ACABA48F7F35}.Debug|Any CPU.ActiveCfg = Debug|Any CPU
		{EB1B1670-5CB8-41FF-9830-ACABA48F7F35}.Debug|Any CPU.Build.0 = Debug|Any CPU
		{EB1B1670-5CB8-41FF-9830-ACABA48F7F35}.Release|Any CPU.ActiveCfg = Release|Any CPU
		{EB1B1670-5CB8-41FF-9830-ACABA48F7F35}.Release|Any CPU.Build.0 = Release|Any CPU
		{910D8D17-1710-4AC2-ADDF-F804CD486FEB}.Debug|Any CPU.ActiveCfg = Debug|Any CPU
		{910D8D17-1710-4AC2-ADDF-F804CD486FEB}.Debug|Any CPU.Build.0 = Debug|Any CPU
		{910D8D17-1710-4AC2-ADDF-F804CD486FEB}.Release|Any CPU.ActiveCfg = Release|Any CPU
		{910D8D17-1710-4AC2-ADDF-F804CD486FEB}.Release|Any CPU.Build.0 = Release|Any CPU
		{64E8C9B2-30DD-43AA-967B-05EEE8C8DF11}.Debug|Any CPU.ActiveCfg = Debug|Any CPU
		{64E8C9B2-30DD-43AA-967B-05EEE8C8DF11}.Debug|Any CPU.Build.0 = Debug|Any CPU
		{64E8C9B2-30DD-43AA-967B-05EEE8C8DF11}.Release|Any CPU.ActiveCfg = Release|Any CPU
		{64E8C9B2-30DD-43AA-967B-05EEE8C8DF11}.Release|Any CPU.Build.0 = Release|Any CPU
	EndGlobalSection
	GlobalSection(NestedProjects) = preSolution
		{BF322ADD-124C-4FF8-8D25-305229D33A19} = {67BA360C-BB34-4403-A14E-8281D2D65481}
		{6B850156-08A4-498A-AE92-BCD1E0049BA0} = {8C526C04-31CA-48AD-A76B-C2DD8A0BDB6F}
		{56401066-98BD-45D1-AA47-6EF401E51A9F} = {8C526C04-31CA-48AD-A76B-C2DD8A0BDB6F}
		{1BB00663-5F49-4C17-8E1C-09C6000395D8} = {8C526C04-31CA-48AD-A76B-C2DD8A0BDB6F}
		{50DEAB0C-B0D9-4E3C-8C78-C545286C2B02} = {67BA360C-BB34-4403-A14E-8281D2D65481}
		{85CA350A-E5AB-412A-A2E3-425FCF46E16A} = {67BA360C-BB34-4403-A14E-8281D2D65481}
		{78ADBDA6-520E-45EC-8A5E-628436F203B0} = {8C526C04-31CA-48AD-A76B-C2DD8A0BDB6F}
		{E8F23382-67BE-4E7E-BAB0-EE7DC3F8A75B} = {78ADBDA6-520E-45EC-8A5E-628436F203B0}
		{EA978B71-9539-4881-8E60-5305F77BF5B5} = {78ADBDA6-520E-45EC-8A5E-628436F203B0}
		{04454D22-22E4-46BE-AE3B-ACAD9BC4FFA2} = {78ADBDA6-520E-45EC-8A5E-628436F203B0}
		{C38EAD6B-FD33-4997-B0E3-250A078CBF8A} = {78ADBDA6-520E-45EC-8A5E-628436F203B0}
		{0DFCCFAF-7334-4D8D-AFB0-9B7D90559161} = {8C526C04-31CA-48AD-A76B-C2DD8A0BDB6F}
		{299F47B8-70A7-462D-9E95-48FD4AFDCA54} = {0DFCCFAF-7334-4D8D-AFB0-9B7D90559161}
		{356A9D5F-5915-4928-83DB-4BC17BC9DE4D} = {0DFCCFAF-7334-4D8D-AFB0-9B7D90559161}
		{B3A778AA-D794-41D2-8764-991B39B03F54} = {0DFCCFAF-7334-4D8D-AFB0-9B7D90559161}
		{0E2FE6B1-4BBF-4210-AC0F-048005385A90} = {0DFCCFAF-7334-4D8D-AFB0-9B7D90559161}
		{4750C063-C1B4-4A97-8800-DE2ED98EA133} = {8C526C04-31CA-48AD-A76B-C2DD8A0BDB6F}
		{CE23FA51-D266-4C62-98B8-E9001A2D1293} = {4750C063-C1B4-4A97-8800-DE2ED98EA133}
		{D0893993-6FFB-49D9-B7B5-0BC42EF6543A} = {4750C063-C1B4-4A97-8800-DE2ED98EA133}
		{30DFE31F-6A96-4C6E-BBE1-93FA7E747FE5} = {4750C063-C1B4-4A97-8800-DE2ED98EA133}
		{B7879C80-C649-4089-AEE4-53E58177E2B9} = {4750C063-C1B4-4A97-8800-DE2ED98EA133}
		{CBD15D71-342A-4E6F-B33F-6585EA62F104} = {4750C063-C1B4-4A97-8800-DE2ED98EA133}
		{F529B5B1-F1FA-4540-8CFB-C40E355CF664} = {0DFCCFAF-7334-4D8D-AFB0-9B7D90559161}
		{EB1B1670-5CB8-41FF-9830-ACABA48F7F35} = {78ADBDA6-520E-45EC-8A5E-628436F203B0}
		{75299641-6987-4020-B51A-4C9A2F132281} = {8C526C04-31CA-48AD-A76B-C2DD8A0BDB6F}
		{A9FE7DEF-79B6-4AE8-B896-B578C7451544} = {75299641-6987-4020-B51A-4C9A2F132281}
		{910D8D17-1710-4AC2-ADDF-F804CD486FEB} = {75299641-6987-4020-B51A-4C9A2F132281}
		{64E8C9B2-30DD-43AA-967B-05EEE8C8DF11} = {75299641-6987-4020-B51A-4C9A2F132281}
	EndGlobalSection
EndGlobal
