
Microsoft Visual Studio Solution File, Format Version 12.00
# Visual Studio Version 17
VisualStudioVersion = 17.0.31903.59
MinimumVisualStudioVersion = 10.0.40219.1
Project("{FAE04EC0-301F-11D3-BF4B-00C04F79EFBC}") = "PetFamily.API", "src\PetFamily.API\PetFamily.API.csproj", "{6B850156-08A4-498A-AE92-BCD1E0049BA0}"
EndProject
Project("{FAE04EC0-301F-11D3-BF4B-00C04F79EFBC}") = "PetFamily.Infrastructure", "src\PetFamily.Infrastructure\PetFamily.Infrastructure.csproj", "{1BB00663-5F49-4C17-8E1C-09C6000395D8}"
EndProject
Project("{FAE04EC0-301F-11D3-BF4B-00C04F79EFBC}") = "PetFamily.Domain", "src\PetFamily.Domain\PetFamily.Domain.csproj", "{C85ED48C-2CBD-402B-B935-3A51E4E4B064}"
EndProject
Project("{FAE04EC0-301F-11D3-BF4B-00C04F79EFBC}") = "PetFamily.Application", "src\PetFamily.Application\PetFamily.Application.csproj", "{56401066-98BD-45D1-AA47-6EF401E51A9F}"
EndProject
Project("{2150E333-8FDC-42A3-9474-1A3956D46DE8}") = "Solution Items", "Solution Items", "{9CA1EABC-B1C2-4156-A83F-4ADDF02FDA08}"
	ProjectSection(SolutionItems) = preProject
		compose.yaml = compose.yaml
	EndProjectSection
EndProject
Project("{2150E333-8FDC-42A3-9474-1A3956D46DE8}") = "tests", "tests", "{67BA360C-BB34-4403-A14E-8281D2D65481}"
EndProject
Project("{FAE04EC0-301F-11D3-BF4B-00C04F79EFBC}") = "PetFamily.Domain.UnitTests", "tests\PetFamily.Domain.UnitTests\PetFamily.Domain.UnitTests.csproj", "{BF322ADD-124C-4FF8-8D25-305229D33A19}"
EndProject
Project("{2150E333-8FDC-42A3-9474-1A3956D46DE8}") = "src", "src", "{8C526C04-31CA-48AD-A76B-C2DD8A0BDB6F}"
EndProject
Project("{FAE04EC0-301F-11D3-BF4B-00C04F79EFBC}") = "PetFamily.Application.UnitTests", "tests\PetFamily.Application.UnitTests\PetFamily.Application.UnitTests.csproj", "{50DEAB0C-B0D9-4E3C-8C78-C545286C2B02}"
	ProjectSection(ProjectDependencies) = postProject
		{6B850156-08A4-498A-AE92-BCD1E0049BA0} = {6B850156-08A4-498A-AE92-BCD1E0049BA0}
		{56401066-98BD-45D1-AA47-6EF401E51A9F} = {56401066-98BD-45D1-AA47-6EF401E51A9F}
		{C85ED48C-2CBD-402B-B935-3A51E4E4B064} = {C85ED48C-2CBD-402B-B935-3A51E4E4B064}
		{1BB00663-5F49-4C17-8E1C-09C6000395D8} = {1BB00663-5F49-4C17-8E1C-09C6000395D8}
	EndProjectSection
EndProject
Project("{FAE04EC0-301F-11D3-BF4B-00C04F79EFBC}") = "PetFamily.IntegrationTests", "tests\PetFamily.IntegrationTests\PetFamily.IntegrationTests.csproj", "{85CA350A-E5AB-412A-A2E3-425FCF46E16A}"
EndProject
Global
	GlobalSection(SolutionConfigurationPlatforms) = preSolution
		Debug|Any CPU = Debug|Any CPU
		Release|Any CPU = Release|Any CPU
	EndGlobalSection
	GlobalSection(SolutionProperties) = preSolution
		HideSolutionNode = FALSE
	EndGlobalSection
	GlobalSection(ProjectConfigurationPlatforms) = postSolution
		{6B850156-08A4-498A-AE92-BCD1E0049BA0}.Debug|Any CPU.ActiveCfg = Debug|Any CPU
		{6B850156-08A4-498A-AE92-BCD1E0049BA0}.Debug|Any CPU.Build.0 = Debug|Any CPU
		{6B850156-08A4-498A-AE92-BCD1E0049BA0}.Release|Any CPU.ActiveCfg = Release|Any CPU
		{6B850156-08A4-498A-AE92-BCD1E0049BA0}.Release|Any CPU.Build.0 = Release|Any CPU
		{1BB00663-5F49-4C17-8E1C-09C6000395D8}.Debug|Any CPU.ActiveCfg = Debug|Any CPU
		{1BB00663-5F49-4C17-8E1C-09C6000395D8}.Debug|Any CPU.Build.0 = Debug|Any CPU
		{1BB00663-5F49-4C17-8E1C-09C6000395D8}.Release|Any CPU.ActiveCfg = Release|Any CPU
		{1BB00663-5F49-4C17-8E1C-09C6000395D8}.Release|Any CPU.Build.0 = Release|Any CPU
		{C85ED48C-2CBD-402B-B935-3A51E4E4B064}.Debug|Any CPU.ActiveCfg = Debug|Any CPU
		{C85ED48C-2CBD-402B-B935-3A51E4E4B064}.Debug|Any CPU.Build.0 = Debug|Any CPU
		{C85ED48C-2CBD-402B-B935-3A51E4E4B064}.Release|Any CPU.ActiveCfg = Release|Any CPU
		{C85ED48C-2CBD-402B-B935-3A51E4E4B064}.Release|Any CPU.Build.0 = Release|Any CPU
		{56401066-98BD-45D1-AA47-6EF401E51A9F}.Debug|Any CPU.ActiveCfg = Debug|Any CPU
		{56401066-98BD-45D1-AA47-6EF401E51A9F}.Debug|Any CPU.Build.0 = Debug|Any CPU
		{56401066-98BD-45D1-AA47-6EF401E51A9F}.Release|Any CPU.ActiveCfg = Release|Any CPU
		{56401066-98BD-45D1-AA47-6EF401E51A9F}.Release|Any CPU.Build.0 = Release|Any CPU
		{BF322ADD-124C-4FF8-8D25-305229D33A19}.Debug|Any CPU.ActiveCfg = Debug|Any CPU
		{BF322ADD-124C-4FF8-8D25-305229D33A19}.Debug|Any CPU.Build.0 = Debug|Any CPU
		{BF322ADD-124C-4FF8-8D25-305229D33A19}.Release|Any CPU.ActiveCfg = Release|Any CPU
		{BF322ADD-124C-4FF8-8D25-305229D33A19}.Release|Any CPU.Build.0 = Release|Any CPU
		{50DEAB0C-B0D9-4E3C-8C78-C545286C2B02}.Debug|Any CPU.ActiveCfg = Debug|Any CPU
		{50DEAB0C-B0D9-4E3C-8C78-C545286C2B02}.Debug|Any CPU.Build.0 = Debug|Any CPU
		{50DEAB0C-B0D9-4E3C-8C78-C545286C2B02}.Release|Any CPU.ActiveCfg = Release|Any CPU
		{50DEAB0C-B0D9-4E3C-8C78-C545286C2B02}.Release|Any CPU.Build.0 = Release|Any CPU
		{85CA350A-E5AB-412A-A2E3-425FCF46E16A}.Debug|Any CPU.ActiveCfg = Debug|Any CPU
		{85CA350A-E5AB-412A-A2E3-425FCF46E16A}.Debug|Any CPU.Build.0 = Debug|Any CPU
		{85CA350A-E5AB-412A-A2E3-425FCF46E16A}.Release|Any CPU.ActiveCfg = Release|Any CPU
		{85CA350A-E5AB-412A-A2E3-425FCF46E16A}.Release|Any CPU.Build.0 = Release|Any CPU
	EndGlobalSection
	GlobalSection(NestedProjects) = preSolution
		{BF322ADD-124C-4FF8-8D25-305229D33A19} = {67BA360C-BB34-4403-A14E-8281D2D65481}
		{6B850156-08A4-498A-AE92-BCD1E0049BA0} = {8C526C04-31CA-48AD-A76B-C2DD8A0BDB6F}
		{56401066-98BD-45D1-AA47-6EF401E51A9F} = {8C526C04-31CA-48AD-A76B-C2DD8A0BDB6F}
		{C85ED48C-2CBD-402B-B935-3A51E4E4B064} = {8C526C04-31CA-48AD-A76B-C2DD8A0BDB6F}
		{1BB00663-5F49-4C17-8E1C-09C6000395D8} = {8C526C04-31CA-48AD-A76B-C2DD8A0BDB6F}
		{50DEAB0C-B0D9-4E3C-8C78-C545286C2B02} = {67BA360C-BB34-4403-A14E-8281D2D65481}
		{85CA350A-E5AB-412A-A2E3-425FCF46E16A} = {67BA360C-BB34-4403-A14E-8281D2D65481}
	EndGlobalSection
EndGlobal
