
Microsoft Visual Studio Solution File, Format Version 12.00
# Visual Studio Version 17
VisualStudioVersion = 17.0.31903.59
MinimumVisualStudioVersion = 10.0.40219.1
Project("{2150E333-8FDC-42A3-9474-1A3956D46DE8}") = "src", "src", "{227827F6-9231-4F26-9C94-2C3BE6822E4F}"
EndProject
Project("{FAE04EC0-301F-11D3-BF4B-00C04F79EFBC}") = "FileService", "src\FileService\FileService.csproj", "{6DBCD7AD-04DD-4F11-907A-AF65B2D24EA4}"
EndProject
Project("{2150E333-8FDC-42A3-9474-1A3956D46DE8}") = "Solution Items", "Solution Items", "{A2942804-1FB2-4C05-B514-24220CE041CE}"
	ProjectSection(SolutionItems) = preProject
		compose.yaml = compose.yaml
		Directory.Build.props = Directory.Build.props
	EndProjectSection
EndProject
Project("{FAE04EC0-301F-11D3-BF4B-00C04F79EFBC}") = "FileService.Communication", "src\FileService.Communication\FileService.Communication.csproj", "{566C4FFB-FDD8-4E7E-A683-1A040DA8EF25}"
EndProject
Project("{FAE04EC0-301F-11D3-BF4B-00C04F79EFBC}") = "FileService.Contracts", "src\FileService.Contracts\FileService.Contracts.csproj", "{187C2FDD-9252-4B94-9793-BC6F44181459}"
EndProject
Global
	GlobalSection(SolutionConfigurationPlatforms) = preSolution
		Debug|Any CPU = Debug|Any CPU
		Release|Any CPU = Release|Any CPU
	EndGlobalSection
	GlobalSection(SolutionProperties) = preSolution
		HideSolutionNode = FALSE
	EndGlobalSection
	GlobalSection(NestedProjects) = preSolution
		{6DBCD7AD-04DD-4F11-907A-AF65B2D24EA4} = {227827F6-9231-4F26-9C94-2C3BE6822E4F}
		{566C4FFB-FDD8-4E7E-A683-1A040DA8EF25} = {227827F6-9231-4F26-9C94-2C3BE6822E4F}
		{187C2FDD-9252-4B94-9793-BC6F44181459} = {227827F6-9231-4F26-9C94-2C3BE6822E4F}
	EndGlobalSection
	GlobalSection(ProjectConfigurationPlatforms) = postSolution
		{6DBCD7AD-04DD-4F11-907A-AF65B2D24EA4}.Debug|Any CPU.ActiveCfg = Debug|Any CPU
		{6DBCD7AD-04DD-4F11-907A-AF65B2D24EA4}.Debug|Any CPU.Build.0 = Debug|Any CPU
		{6DBCD7AD-04DD-4F11-907A-AF65B2D24EA4}.Release|Any CPU.ActiveCfg = Release|Any CPU
		{6DBCD7AD-04DD-4F11-907A-AF65B2D24EA4}.Release|Any CPU.Build.0 = Release|Any CPU
		{566C4FFB-FDD8-4E7E-A683-1A040DA8EF25}.Debug|Any CPU.ActiveCfg = Debug|Any CPU
		{566C4FFB-FDD8-4E7E-A683-1A040DA8EF25}.Debug|Any CPU.Build.0 = Debug|Any CPU
		{566C4FFB-FDD8-4E7E-A683-1A040DA8EF25}.Release|Any CPU.ActiveCfg = Release|Any CPU
		{566C4FFB-FDD8-4E7E-A683-1A040DA8EF25}.Release|Any CPU.Build.0 = Release|Any CPU
		{187C2FDD-9252-4B94-9793-BC6F44181459}.Debug|Any CPU.ActiveCfg = Debug|Any CPU
		{187C2FDD-9252-4B94-9793-BC6F44181459}.Debug|Any CPU.Build.0 = Debug|Any CPU
		{187C2FDD-9252-4B94-9793-BC6F44181459}.Release|Any CPU.ActiveCfg = Release|Any CPU
		{187C2FDD-9252-4B94-9793-BC6F44181459}.Release|Any CPU.Build.0 = Release|Any CPU
	EndGlobalSection
EndGlobal
